
Microsoft Visual Studio Solution File, Format Version 12.00
# Visual Studio Version 17
VisualStudioVersion = 17.5.33530.505
MinimumVisualStudioVersion = 10.0.40219.1
Project("{FAE04EC0-301F-11D3-BF4B-00C04F79EFBC}") = "Servico-Curso", "Servico-Curso.csproj", "{855E7658-9BC1-4A60-A908-338C0B41DDD4}"
EndProject
Global
	GlobalSection(SolutionConfigurationPlatforms) = preSolution
		Debug|Any CPU = Debug|Any CPU
		Release|Any CPU = Release|Any CPU
	EndGlobalSection
	GlobalSection(ProjectConfigurationPlatforms) = postSolution
		{855E7658-9BC1-4A60-A908-338C0B41DDD4}.Debug|Any CPU.ActiveCfg = Debug|Any CPU
		{855E7658-9BC1-4A60-A908-338C0B41DDD4}.Debug|Any CPU.Build.0 = Debug|Any CPU
		{855E7658-9BC1-4A60-A908-338C0B41DDD4}.Release|Any CPU.ActiveCfg = Release|Any CPU
		{855E7658-9BC1-4A60-A908-338C0B41DDD4}.Release|Any CPU.Build.0 = Release|Any CPU
	EndGlobalSection
	GlobalSection(SolutionProperties) = preSolution
		HideSolutionNode = FALSE
	EndGlobalSection
	GlobalSection(ExtensibilityGlobals) = postSolution
		SolutionGuid = {0278057A-7CA7-480E-883D-EE9574988B7F}
	EndGlobalSection
EndGlobal
